
Microsoft Visual Studio Solution File, Format Version 12.00
# Visual Studio Version 17
VisualStudioVersion = 17.13.35931.197 d17.13
MinimumVisualStudioVersion = 10.0.40219.1
Project("{FAE04EC0-301F-11D3-BF4B-00C04F79EFBC}") = "ErrorHandling.Web", "ErrorHandling.Web\ErrorHandling.Web.csproj", "{212B1D0B-7688-4BEB-82B6-AEBA025EC1A1}"
EndProject
Global
	GlobalSection(SolutionConfigurationPlatforms) = preSolution
		Debug|Any CPU = Debug|Any CPU
		Release|Any CPU = Release|Any CPU
	EndGlobalSection
	GlobalSection(ProjectConfigurationPlatforms) = postSolution
		{212B1D0B-7688-4BEB-82B6-AEBA025EC1A1}.Debug|Any CPU.ActiveCfg = Debug|Any CPU
		{212B1D0B-7688-4BEB-82B6-AEBA025EC1A1}.Debug|Any CPU.Build.0 = Debug|Any CPU
		{212B1D0B-7688-4BEB-82B6-AEBA025EC1A1}.Release|Any CPU.ActiveCfg = Release|Any CPU
		{212B1D0B-7688-4BEB-82B6-AEBA025EC1A1}.Release|Any CPU.Build.0 = Release|Any CPU
	EndGlobalSection
	GlobalSection(SolutionProperties) = preSolution
		HideSolutionNode = FALSE
	EndGlobalSection
	GlobalSection(ExtensibilityGlobals) = postSolution
		SolutionGuid = {858163CA-AA3E-4DCE-8240-48665B4E9FB9}
	EndGlobalSection
EndGlobal
